// !$*UTF8*$!
{
	archiveVersion = 1;
	classes = {
	};
	objectVersion = 46;
	objects = {

/* Begin PBXBuildFile section */
		B63F3D311EBA1A2C00FF6560 /* AppDelegate.swift in Sources */ = {isa = PBXBuildFile; fileRef = B63F3D301EBA1A2C00FF6560 /* AppDelegate.swift */; };
		B63F3D331EBA1A2C00FF6560 /* ViewController.swift in Sources */ = {isa = PBXBuildFile; fileRef = B63F3D321EBA1A2C00FF6560 /* ViewController.swift */; };
		B63F3D361EBA1A2C00FF6560 /* Main.storyboard in Resources */ = {isa = PBXBuildFile; fileRef = B63F3D341EBA1A2C00FF6560 /* Main.storyboard */; };
		B63F3D381EBA1A2C00FF6560 /* Assets.xcassets in Resources */ = {isa = PBXBuildFile; fileRef = B63F3D371EBA1A2C00FF6560 /* Assets.xcassets */; };
		B63F3D3B1EBA1A2C00FF6560 /* LaunchScreen.storyboard in Resources */ = {isa = PBXBuildFile; fileRef = B63F3D391EBA1A2C00FF6560 /* LaunchScreen.storyboard */; };
		B63F3D461EBA1A2C00FF6560 /* RemeberThatTests.swift in Sources */ = {isa = PBXBuildFile; fileRef = B63F3D451EBA1A2C00FF6560 /* RemeberThatTests.swift */; };
/* End PBXBuildFile section */

/* Begin PBXContainerItemProxy section */
		B63F3D421EBA1A2C00FF6560 /* PBXContainerItemProxy */ = {
			isa = PBXContainerItemProxy;
			containerPortal = B63F3D251EBA1A2C00FF6560 /* Project object */;
			proxyType = 1;
			remoteGlobalIDString = B63F3D2C1EBA1A2C00FF6560;
			remoteInfo = RemeberThat;
		};
/* End PBXContainerItemProxy section */

/* Begin PBXFileReference section */
		B63F3D2D1EBA1A2C00FF6560 /* RemeberThat.app */ = {isa = PBXFileReference; explicitFileType = wrapper.application; includeInIndex = 0; path = RemeberThat.app; sourceTree = BUILT_PRODUCTS_DIR; };
		B63F3D301EBA1A2C00FF6560 /* AppDelegate.swift */ = {isa = PBXFileReference; lastKnownFileType = sourcecode.swift; path = AppDelegate.swift; sourceTree = "<group>"; };
		B63F3D321EBA1A2C00FF6560 /* ViewController.swift */ = {isa = PBXFileReference; lastKnownFileType = sourcecode.swift; path = ViewController.swift; sourceTree = "<group>"; };
		B63F3D351EBA1A2C00FF6560 /* Base */ = {isa = PBXFileReference; lastKnownFileType = file.storyboard; name = Base; path = Base.lproj/Main.storyboard; sourceTree = "<group>"; };
		B63F3D371EBA1A2C00FF6560 /* Assets.xcassets */ = {isa = PBXFileReference; lastKnownFileType = folder.assetcatalog; path = Assets.xcassets; sourceTree = "<group>"; };
		B63F3D3A1EBA1A2C00FF6560 /* Base */ = {isa = PBXFileReference; lastKnownFileType = file.storyboard; name = Base; path = Base.lproj/LaunchScreen.storyboard; sourceTree = "<group>"; };
		B63F3D3C1EBA1A2C00FF6560 /* Info.plist */ = {isa = PBXFileReference; lastKnownFileType = text.plist.xml; path = Info.plist; sourceTree = "<group>"; };
		B63F3D411EBA1A2C00FF6560 /* RemeberThatTests.xctest */ = {isa = PBXFileReference; explicitFileType = wrapper.cfbundle; includeInIndex = 0; path = RemeberThatTests.xctest; sourceTree = BUILT_PRODUCTS_DIR; };
		B63F3D451EBA1A2C00FF6560 /* RemeberThatTests.swift */ = {isa = PBXFileReference; lastKnownFileType = sourcecode.swift; path = RemeberThatTests.swift; sourceTree = "<group>"; };
		B63F3D471EBA1A2C00FF6560 /* Info.plist */ = {isa = PBXFileReference; lastKnownFileType = text.plist.xml; path = Info.plist; sourceTree = "<group>"; };
/* End PBXFileReference section */

/* Begin PBXFrameworksBuildPhase section */
		B63F3D2A1EBA1A2C00FF6560 /* Frameworks */ = {
			isa = PBXFrameworksBuildPhase;
			buildActionMask = 2147483647;
			files = (
			);
			runOnlyForDeploymentPostprocessing = 0;
		};
		B63F3D3E1EBA1A2C00FF6560 /* Frameworks */ = {
			isa = PBXFrameworksBuildPhase;
			buildActionMask = 2147483647;
			files = (
			);
			runOnlyForDeploymentPostprocessing = 0;
		};
/* End PBXFrameworksBuildPhase section */

/* Begin PBXGroup section */
		B63F3D241EBA1A2C00FF6560 = {
			isa = PBXGroup;
			children = (
				B63F3D2F1EBA1A2C00FF6560 /* RemeberThat */,
				B63F3D441EBA1A2C00FF6560 /* RemeberThatTests */,
				B63F3D2E1EBA1A2C00FF6560 /* Products */,
			);
			sourceTree = "<group>";
		};
		B63F3D2E1EBA1A2C00FF6560 /* Products */ = {
			isa = PBXGroup;
			children = (
				B63F3D2D1EBA1A2C00FF6560 /* RemeberThat.app */,
				B63F3D411EBA1A2C00FF6560 /* RemeberThatTests.xctest */,
			);
			name = Products;
			sourceTree = "<group>";
		};
		B63F3D2F1EBA1A2C00FF6560 /* RemeberThat */ = {
			isa = PBXGroup;
			children = (
				B63F3D301EBA1A2C00FF6560 /* AppDelegate.swift */,
				B63F3D321EBA1A2C00FF6560 /* ViewController.swift */,
				B63F3D341EBA1A2C00FF6560 /* Main.storyboard */,
				B63F3D371EBA1A2C00FF6560 /* Assets.xcassets */,
				B63F3D391EBA1A2C00FF6560 /* LaunchScreen.storyboard */,
				B63F3D3C1EBA1A2C00FF6560 /* Info.plist */,
			);
			path = RemeberThat;
			sourceTree = "<group>";
		};
		B63F3D441EBA1A2C00FF6560 /* RemeberThatTests */ = {
			isa = PBXGroup;
			children = (
				B63F3D451EBA1A2C00FF6560 /* RemeberThatTests.swift */,
				B63F3D471EBA1A2C00FF6560 /* Info.plist */,
			);
			path = RemeberThatTests;
			sourceTree = "<group>";
		};
/* End PBXGroup section */

/* Begin PBXNativeTarget section */
		B63F3D2C1EBA1A2C00FF6560 /* RemeberThat */ = {
			isa = PBXNativeTarget;
			buildConfigurationList = B63F3D4A1EBA1A2C00FF6560 /* Build configuration list for PBXNativeTarget "RemeberThat" */;
			buildPhases = (
				B63F3D291EBA1A2C00FF6560 /* Sources */,
				B63F3D2A1EBA1A2C00FF6560 /* Frameworks */,
				B63F3D2B1EBA1A2C00FF6560 /* Resources */,
			);
			buildRules = (
			);
			dependencies = (
			);
			name = RemeberThat;
			productName = RemeberThat;
			productReference = B63F3D2D1EBA1A2C00FF6560 /* RemeberThat.app */;
			productType = "com.apple.product-type.application";
		};
		B63F3D401EBA1A2C00FF6560 /* RemeberThatTests */ = {
			isa = PBXNativeTarget;
			buildConfigurationList = B63F3D4D1EBA1A2C00FF6560 /* Build configuration list for PBXNativeTarget "RemeberThatTests" */;
			buildPhases = (
				B63F3D3D1EBA1A2C00FF6560 /* Sources */,
				B63F3D3E1EBA1A2C00FF6560 /* Frameworks */,
				B63F3D3F1EBA1A2C00FF6560 /* Resources */,
			);
			buildRules = (
			);
			dependencies = (
				B63F3D431EBA1A2C00FF6560 /* PBXTargetDependency */,
			);
			name = RemeberThatTests;
			productName = RemeberThatTests;
			productReference = B63F3D411EBA1A2C00FF6560 /* RemeberThatTests.xctest */;
			productType = "com.apple.product-type.bundle.unit-test";
		};
/* End PBXNativeTarget section */

/* Begin PBXProject section */
		B63F3D251EBA1A2C00FF6560 /* Project object */ = {
			isa = PBXProject;
			attributes = {
				LastSwiftUpdateCheck = 0820;
				LastUpgradeCheck = 0820;
				ORGANIZATIONNAME = koenigsolution;
				TargetAttributes = {
					B63F3D2C1EBA1A2C00FF6560 = {
						CreatedOnToolsVersion = 8.2.1;
						ProvisioningStyle = Automatic;
					};
					B63F3D401EBA1A2C00FF6560 = {
						CreatedOnToolsVersion = 8.2.1;
						ProvisioningStyle = Automatic;
						TestTargetID = B63F3D2C1EBA1A2C00FF6560;
					};
				};
			};
			buildConfigurationList = B63F3D281EBA1A2C00FF6560 /* Build configuration list for PBXProject "RemeberThat" */;
			compatibilityVersion = "Xcode 3.2";
			developmentRegion = English;
			hasScannedForEncodings = 0;
			knownRegions = (
				en,
				Base,
			);
			mainGroup = B63F3D241EBA1A2C00FF6560;
			productRefGroup = B63F3D2E1EBA1A2C00FF6560 /* Products */;
			projectDirPath = "";
			projectRoot = "";
			targets = (
				B63F3D2C1EBA1A2C00FF6560 /* RemeberThat */,
				B63F3D401EBA1A2C00FF6560 /* RemeberThatTests */,
			);
		};
/* End PBXProject section */

/* Begin PBXResourcesBuildPhase section */
		B63F3D2B1EBA1A2C00FF6560 /* Resources */ = {
			isa = PBXResourcesBuildPhase;
			buildActionMask = 2147483647;
			files = (
				B63F3D3B1EBA1A2C00FF6560 /* LaunchScreen.storyboard in Resources */,
				B63F3D381EBA1A2C00FF6560 /* Assets.xcassets in Resources */,
				B63F3D361EBA1A2C00FF6560 /* Main.storyboard in Resources */,
			);
			runOnlyForDeploymentPostprocessing = 0;
		};
		B63F3D3F1EBA1A2C00FF6560 /* Resources */ = {
			isa = PBXResourcesBuildPhase;
			buildActionMask = 2147483647;
			files = (
			);
			runOnlyForDeploymentPostprocessing = 0;
		};
/* End PBXResourcesBuildPhase section */

/* Begin PBXSourcesBuildPhase section */
		B63F3D291EBA1A2C00FF6560 /* Sources */ = {
			isa = PBXSourcesBuildPhase;
			buildActionMask = 2147483647;
			files = (
				B63F3D331EBA1A2C00FF6560 /* ViewController.swift in Sources */,
				B63F3D311EBA1A2C00FF6560 /* AppDelegate.swift in Sources */,
			);
			runOnlyForDeploymentPostprocessing = 0;
		};
		B63F3D3D1EBA1A2C00FF6560 /* Sources */ = {
			isa = PBXSourcesBuildPhase;
			buildActionMask = 2147483647;
			files = (
				B63F3D461EBA1A2C00FF6560 /* RemeberThatTests.swift in Sources */,
			);
			runOnlyForDeploymentPostprocessing = 0;
		};
/* End PBXSourcesBuildPhase section */

/* Begin PBXTargetDependency section */
		B63F3D431EBA1A2C00FF6560 /* PBXTargetDependency */ = {
			isa = PBXTargetDependency;
			target = B63F3D2C1EBA1A2C00FF6560 /* RemeberThat */;
			targetProxy = B63F3D421EBA1A2C00FF6560 /* PBXContainerItemProxy */;
		};
/* End PBXTargetDependency section */

/* Begin PBXVariantGroup section */
		B63F3D341EBA1A2C00FF6560 /* Main.storyboard */ = {
			isa = PBXVariantGroup;
			children = (
				B63F3D351EBA1A2C00FF6560 /* Base */,
			);
			name = Main.storyboard;
			sourceTree = "<group>";
		};
		B63F3D391EBA1A2C00FF6560 /* LaunchScreen.storyboard */ = {
			isa = PBXVariantGroup;
			children = (
				B63F3D3A1EBA1A2C00FF6560 /* Base */,
			);
			name = LaunchScreen.storyboard;
			sourceTree = "<group>";
		};
/* End PBXVariantGroup section */

/* Begin XCBuildConfiguration section */
		B63F3D481EBA1A2C00FF6560 /* Debug */ = {
			isa = XCBuildConfiguration;
			buildSettings = {
				ALWAYS_SEARCH_USER_PATHS = NO;
				CLANG_ANALYZER_NONNULL = YES;
				CLANG_CXX_LANGUAGE_STANDARD = "gnu++0x";
				CLANG_CXX_LIBRARY = "libc++";
				CLANG_ENABLE_MODULES = YES;
				CLANG_ENABLE_OBJC_ARC = YES;
				CLANG_WARN_BOOL_CONVERSION = YES;
				CLANG_WARN_CONSTANT_CONVERSION = YES;
				CLANG_WARN_DIRECT_OBJC_ISA_USAGE = YES_ERROR;
				CLANG_WARN_DOCUMENTATION_COMMENTS = YES;
				CLANG_WARN_EMPTY_BODY = YES;
				CLANG_WARN_ENUM_CONVERSION = YES;
				CLANG_WARN_INFINITE_RECURSION = YES;
				CLANG_WARN_INT_CONVERSION = YES;
				CLANG_WARN_OBJC_ROOT_CLASS = YES_ERROR;
				CLANG_WARN_SUSPICIOUS_MOVE = YES;
				CLANG_WARN_UNREACHABLE_CODE = YES;
				CLANG_WARN__DUPLICATE_METHOD_MATCH = YES;
				"CODE_SIGN_IDENTITY[sdk=iphoneos*]" = "iPhone Developer";
				COPY_PHASE_STRIP = NO;
				DEBUG_INFORMATION_FORMAT = dwarf;
				ENABLE_STRICT_OBJC_MSGSEND = YES;
				ENABLE_TESTABILITY = YES;
				GCC_C_LANGUAGE_STANDARD = gnu99;
				GCC_DYNAMIC_NO_PIC = NO;
				GCC_NO_COMMON_BLOCKS = YES;
				GCC_OPTIMIZATION_LEVEL = 0;
				GCC_PREPROCESSOR_DEFINITIONS = (
					"DEBUG=1",
					"$(inherited)",
				);
				GCC_WARN_64_TO_32_BIT_CONVERSION = YES;
				GCC_WARN_ABOUT_RETURN_TYPE = YES_ERROR;
				GCC_WARN_UNDECLARED_SELECTOR = YES;
				GCC_WARN_UNINITIALIZED_AUTOS = YES_AGGRESSIVE;
				GCC_WARN_UNUSED_FUNCTION = YES;
				GCC_WARN_UNUSED_VARIABLE = YES;
				IPHONEOS_DEPLOYMENT_TARGET = 10.2;
				MTL_ENABLE_DEBUG_INFO = YES;
				ONLY_ACTIVE_ARCH = YES;
				SDKROOT = iphoneos;
				SWIFT_ACTIVE_COMPILATION_CONDITIONS = DEBUG;
				SWIFT_OPTIMIZATION_LEVEL = "-Onone";
			};
			name = Debug;
		};
		B63F3D491EBA1A2C00FF6560 /* Release */ = {
			isa = XCBuildConfiguration;
			buildSettings = {
				ALWAYS_SEARCH_USER_PATHS = NO;
				CLANG_ANALYZER_NONNULL = YES;
				CLANG_CXX_LANGUAGE_STANDARD = "gnu++0x";
				CLANG_CXX_LIBRARY = "libc++";
				CLANG_ENABLE_MODULES = YES;
				CLANG_ENABLE_OBJC_ARC = YES;
				CLANG_WARN_BOOL_CONVERSION = YES;
				CLANG_WARN_CONSTANT_CONVERSION = YES;
				CLANG_WARN_DIRECT_OBJC_ISA_USAGE = YES_ERROR;
				CLANG_WARN_DOCUMENTATION_COMMENTS = YES;
				CLANG_WARN_EMPTY_BODY = YES;
				CLANG_WARN_ENUM_CONVERSION = YES;
				CLANG_WARN_INFINITE_RECURSION = YES;
				CLANG_WARN_INT_CONVERSION = YES;
				CLANG_WARN_OBJC_ROOT_CLASS = YES_ERROR;
				CLANG_WARN_SUSPICIOUS_MOVE = YES;
				CLANG_WARN_UNREACHABLE_CODE = YES;
				CLANG_WARN__DUPLICATE_METHOD_MATCH = YES;
				"CODE_SIGN_IDENTITY[sdk=iphoneos*]" = "iPhone Developer";
				COPY_PHASE_STRIP = NO;
				DEBUG_INFORMATION_FORMAT = "dwarf-with-dsym";
				ENABLE_NS_ASSERTIONS = NO;
				ENABLE_STRICT_OBJC_MSGSEND = YES;
				GCC_C_LANGUAGE_STANDARD = gnu99;
				GCC_NO_COMMON_BLOCKS = YES;
				GCC_WARN_64_TO_32_BIT_CONVERSION = YES;
				GCC_WARN_ABOUT_RETURN_TYPE = YES_ERROR;
				GCC_WARN_UNDECLARED_SELECTOR = YES;
				GCC_WARN_UNINITIALIZED_AUTOS = YES_AGGRESSIVE;
				GCC_WARN_UNUSED_FUNCTION = YES;
				GCC_WARN_UNUSED_VARIABLE = YES;
				IPHONEOS_DEPLOYMENT_TARGET = 10.2;
				MTL_ENABLE_DEBUG_INFO = NO;
				SDKROOT = iphoneos;
				SWIFT_OPTIMIZATION_LEVEL = "-Owholemodule";
				VALIDATE_PRODUCT = YES;
			};
			name = Release;
		};
		B63F3D4B1EBA1A2C00FF6560 /* Debug */ = {
			isa = XCBuildConfiguration;
			buildSettings = {
				ASSETCATALOG_COMPILER_APPICON_NAME = AppIcon;
				INFOPLIST_FILE = RemeberThat/Info.plist;
				LD_RUNPATH_SEARCH_PATHS = "$(inherited) @executable_path/Frameworks";
				PRODUCT_BUNDLE_IDENTIFIER = org.rem.RemeberThat;
				PRODUCT_NAME = "$(TARGET_NAME)";
				SWIFT_VERSION = 3.0;
			};
			name = Debug;
		};
		B63F3D4C1EBA1A2C00FF6560 /* Release */ = {
			isa = XCBuildConfiguration;
			buildSettings = {
				ASSETCATALOG_COMPILER_APPICON_NAME = AppIcon;
				INFOPLIST_FILE = RemeberThat/Info.plist;
				LD_RUNPATH_SEARCH_PATHS = "$(inherited) @executable_path/Frameworks";
				PRODUCT_BUNDLE_IDENTIFIER = org.rem.RemeberThat;
				PRODUCT_NAME = "$(TARGET_NAME)";
				SWIFT_VERSION = 3.0;
			};
			name = Release;
		};
		B63F3D4E1EBA1A2C00FF6560 /* Debug */ = {
			isa = XCBuildConfiguration;
			buildSettings = {
				ALWAYS_EMBED_SWIFT_STANDARD_LIBRARIES = YES;
				BUNDLE_LOADER = "$(TEST_HOST)";
				INFOPLIST_FILE = RemeberThatTests/Info.plist;
				LD_RUNPATH_SEARCH_PATHS = "$(inherited) @executable_path/Frameworks @loader_path/Frameworks";
				PRODUCT_BUNDLE_IDENTIFIER = org.rem.RemeberThatTests;
				PRODUCT_NAME = "$(TARGET_NAME)";
				SWIFT_VERSION = 3.0;
				TEST_HOST = "$(BUILT_PRODUCTS_DIR)/RemeberThat.app/RemeberThat";
			};
			name = Debug;
		};
		B63F3D4F1EBA1A2C00FF6560 /* Release */ = {
			isa = XCBuildConfiguration;
			buildSettings = {
				ALWAYS_EMBED_SWIFT_STANDARD_LIBRARIES = YES;
				BUNDLE_LOADER = "$(TEST_HOST)";
				INFOPLIST_FILE = RemeberThatTests/Info.plist;
				LD_RUNPATH_SEARCH_PATHS = "$(inherited) @executable_path/Frameworks @loader_path/Frameworks";
				PRODUCT_BUNDLE_IDENTIFIER = org.rem.RemeberThatTests;
				PRODUCT_NAME = "$(TARGET_NAME)";
				SWIFT_VERSION = 3.0;
				TEST_HOST = "$(BUILT_PRODUCTS_DIR)/RemeberThat.app/RemeberThat";
			};
			name = Release;
		};
/* End XCBuildConfiguration section */

/* Begin XCConfigurationList section */
		B63F3D281EBA1A2C00FF6560 /* Build configuration list for PBXProject "RemeberThat" */ = {
			isa = XCConfigurationList;
			buildConfigurations = (
				B63F3D481EBA1A2C00FF6560 /* Debug */,
				B63F3D491EBA1A2C00FF6560 /* Release */,
			);
			defaultConfigurationIsVisible = 0;
			defaultConfigurationName = Release;
		};
		B63F3D4A1EBA1A2C00FF6560 /* Build configuration list for PBXNativeTarget "RemeberThat" */ = {
			isa = XCConfigurationList;
			buildConfigurations = (
				B63F3D4B1EBA1A2C00FF6560 /* Debug */,
				B63F3D4C1EBA1A2C00FF6560 /* Release */,
			);
			defaultConfigurationIsVisible = 0;
		};
		B63F3D4D1EBA1A2C00FF6560 /* Build configuration list for PBXNativeTarget "RemeberThatTests" */ = {
			isa = XCConfigurationList;
			buildConfigurations = (
				B63F3D4E1EBA1A2C00FF6560 /* Debug */,
				B63F3D4F1EBA1A2C00FF6560 /* Release */,
			);
			defaultConfigurationIsVisible = 0;
		};
/* End XCConfigurationList section */
	};
	rootObject = B63F3D251EBA1A2C00FF6560 /* Project object */;
}
